{
    "_readme": [
        "This file locks the dependencies of your project to a known state",
        "Read more about it at https://getcomposer.org/doc/01-basic-usage.md#composer-lock-the-lock-file",
        "This file is @generated automatically"
    ],
    "hash": "48f56d896d4237a8e8115360114c3726",
    "content-hash": "a2a8655ddf2a5210d900a0dc200e0711",
    "packages": [
        {
            "name": "illuminate/support",
            "version": "v4.2.17",
            "target-dir": "Illuminate/Support",
            "source": {
                "type": "git",
                "url": "https://github.com/illuminate/support.git",
                "reference": "db61f3f6d507ce417ca993e1f93585db7efd8b12"
            },
            "dist": {
                "type": "zip",
                "url": "https://api.github.com/repos/illuminate/support/zipball/db61f3f6d507ce417ca993e1f93585db7efd8b12",
                "reference": "db61f3f6d507ce417ca993e1f93585db7efd8b12",
                "shasum": ""
            },
            "require": {
                "php": ">=5.4.0"
            },
            "require-dev": {
                "jeremeamia/superclosure": "~1.0.1",
                "patchwork/utf8": "~1.1"
            },
            "type": "library",
            "extra": {
                "branch-alias": {
                    "dev-master": "4.2-dev"
                }
            },
            "autoload": {
                "psr-0": {
                    "Illuminate\\Support": ""
                },
                "files": [
                    "Illuminate/Support/helpers.php"
                ]
            },
            "notification-url": "https://packagist.org/downloads/",
            "license": [
                "MIT"
            ],
            "authors": [
                {
                    "name": "Taylor Otwell",
                    "email": "taylorotwell@gmail.com"
                }
            ],
            "time": "2015-01-27 20:51:43"
        },
        {
            "name": "intervention/image",
            "version": "1.6.5",
            "source": {
                "type": "git",
                "url": "https://github.com/Intervention/image.git",
                "reference": "432f3b28ea08455146b157c6bfdebf4ef5bc661e"
            },
            "dist": {
                "type": "zip",
                "url": "https://api.github.com/repos/Intervention/image/zipball/432f3b28ea08455146b157c6bfdebf4ef5bc661e",
                "reference": "432f3b28ea08455146b157c6bfdebf4ef5bc661e",
                "shasum": ""
            },
            "require": {
                "ext-gd": "*",
                "illuminate/support": "4.*",
                "php": ">=5.3.0"
            },
            "require-dev": {
                "phpunit/phpunit": "4.1.*"
            },
            "suggest": {
                "intervention/imagecache": "Caching extension for the Intervention Image library"
            },
            "type": "library",
            "autoload": {
                "psr-0": {
                    "Intervention\\Image": "src/"
                }
            },
            "notification-url": "https://packagist.org/downloads/",
            "license": [
                "MIT"
            ],
            "authors": [
                {
                    "name": "Oliver Vogel",
                    "email": "oliver@olivervogel.net",
                    "homepage": "http://olivervogel.net/"
                }
            ],
            "description": "Image handling and manipulation library with support for Laravel 4 integration",
            "homepage": "http://image.intervention.io/",
            "keywords": [
                "gd",
                "image",
                "laravel",
                "thumbnail",
                "watermark"
            ],
            "time": "2014-06-07 16:25:27"
        },
        {
            "name": "nmcteam/image-with-text",
            "version": "2.0.2",
            "source": {
                "type": "git",
                "url": "https://github.com/nmcteam/image-with-text.git",
                "reference": "51f6442d8d80278ddca5462f766de4477812aaf4"
            },
            "dist": {
                "type": "zip",
                "url": "https://api.github.com/repos/nmcteam/image-with-text/zipball/51f6442d8d80278ddca5462f766de4477812aaf4",
                "reference": "51f6442d8d80278ddca5462f766de4477812aaf4",
                "shasum": ""
            },
            "require": {
                "intervention/image": "~1.0",
                "php": ">=5.3.0"
            },
            "type": "library",
            "autoload": {
                "psr-0": {
                    "NMC": "src"
                }
            },
            "notification-url": "https://packagist.org/downloads/",
            "license": [
                "MIT"
            ],
            "authors": [
                {
                    "name": "Josh Lockhart",
                    "email": "josh@newmediacampaigns.com",
                    "homepage": "http://www.newmediacampaigns.com/"
                }
            ],
            "description": "Create images with embedded text and advanced typography",
            "homepage": "http://github.com/nmcteam/image-with-text",
            "keywords": [
                "gd",
                "image",
                "text",
                "typeset",
                "typography",
                "write"
            ],
            "time": "2013-11-20 18:03:41"
        }
    ],
    "packages-dev": [],
    "aliases": [],
    "minimum-stability": "stable",
    "stability-flags": [],
    "prefer-stable": false,
    "prefer-lowest": false,
    "platform": [],
    "platform-dev": []
}
